
Microsoft Visual Studio Solution File, Format Version 12.00
# Visual Studio 15
VisualStudioVersion = 15.0.26430.14
MinimumVisualStudioVersion = 10.0.40219.1
Project("{FAE04EC0-301F-11D3-BF4B-00C04F79EFBC}") = "Hello World", "Hello World\Hello World.csproj", "{BA3BC85C-F109-4D79-A4DD-5D4B984A789F}"
EndProject
Global
	GlobalSection(SolutionConfigurationPlatforms) = preSolution
		Debug|Any CPU = Debug|Any CPU
		Release|Any CPU = Release|Any CPU
	EndGlobalSection
	GlobalSection(ProjectConfigurationPlatforms) = postSolution
		{BA3BC85C-F109-4D79-A4DD-5D4B984A789F}.Debug|Any CPU.ActiveCfg = Debug|Any CPU
		{BA3BC85C-F109-4D79-A4DD-5D4B984A789F}.Debug|Any CPU.Build.0 = Debug|Any CPU
		{BA3BC85C-F109-4D79-A4DD-5D4B984A789F}.Release|Any CPU.ActiveCfg = Release|Any CPU
		{BA3BC85C-F109-4D79-A4DD-5D4B984A789F}.Release|Any CPU.Build.0 = Release|Any CPU
	EndGlobalSection
	GlobalSection(SolutionProperties) = preSolution
		HideSolutionNode = FALSE
	EndGlobalSection
EndGlobal
